
Microsoft Visual Studio Solution File, Format Version 12.00
# Visual Studio Version 17
VisualStudioVersion = 17.8.34322.80
MinimumVisualStudioVersion = 10.0.40219.1
Project("{FAE04EC0-301F-11D3-BF4B-00C04F79EFBC}") = "WebApplicationMVC", "WebApplicationMVC.csproj", "{D75807A9-6B19-4FAC-BDC0-AE4E3CCCFCB7}"
EndProject
Global
	GlobalSection(SolutionConfigurationPlatforms) = preSolution
		Debug|Any CPU = Debug|Any CPU
		Release|Any CPU = Release|Any CPU
	EndGlobalSection
	GlobalSection(ProjectConfigurationPlatforms) = postSolution
		{D75807A9-6B19-4FAC-BDC0-AE4E3CCCFCB7}.Debug|Any CPU.ActiveCfg = Debug|Any CPU
		{D75807A9-6B19-4FAC-BDC0-AE4E3CCCFCB7}.Debug|Any CPU.Build.0 = Debug|Any CPU
		{D75807A9-6B19-4FAC-BDC0-AE4E3CCCFCB7}.Release|Any CPU.ActiveCfg = Release|Any CPU
		{D75807A9-6B19-4FAC-BDC0-AE4E3CCCFCB7}.Release|Any CPU.Build.0 = Release|Any CPU
	EndGlobalSection
	GlobalSection(SolutionProperties) = preSolution
		HideSolutionNode = FALSE
	EndGlobalSection
	GlobalSection(ExtensibilityGlobals) = postSolution
		SolutionGuid = {38A78A7E-FB2F-4590-AE7E-9DD59D54DC68}
	EndGlobalSection
EndGlobal
